// !$*UTF8*$!
{
	archiveVersion = 1;
	classes = {
	};
	objectVersion = 48;
	objects = {

/* Begin PBXBuildFile section */
		A2BDBA3420AC52C00068DD76 /* AppDelegate.swift in Sources */ = {isa = PBXBuildFile; fileRef = A2BDBA3320AC52C00068DD76 /* AppDelegate.swift */; };
		A2BDBA3720AC52C00068DD76 /* BlogReader.xcdatamodeld in Sources */ = {isa = PBXBuildFile; fileRef = A2BDBA3520AC52C00068DD76 /* BlogReader.xcdatamodeld */; };
		A2BDBA3920AC52C00068DD76 /* MasterViewController.swift in Sources */ = {isa = PBXBuildFile; fileRef = A2BDBA3820AC52C00068DD76 /* MasterViewController.swift */; };
		A2BDBA3B20AC52C00068DD76 /* DetailViewController.swift in Sources */ = {isa = PBXBuildFile; fileRef = A2BDBA3A20AC52C00068DD76 /* DetailViewController.swift */; };
		A2BDBA3E20AC52C00068DD76 /* Main.storyboard in Resources */ = {isa = PBXBuildFile; fileRef = A2BDBA3C20AC52C00068DD76 /* Main.storyboard */; };
		A2BDBA4020AC52C00068DD76 /* Assets.xcassets in Resources */ = {isa = PBXBuildFile; fileRef = A2BDBA3F20AC52C00068DD76 /* Assets.xcassets */; };
		A2BDBA4320AC52C00068DD76 /* LaunchScreen.storyboard in Resources */ = {isa = PBXBuildFile; fileRef = A2BDBA4120AC52C00068DD76 /* LaunchScreen.storyboard */; };
		A2BDBA4B20AD4E130068DD76 /* BloggerAPI.swift in Sources */ = {isa = PBXBuildFile; fileRef = A2BDBA4A20AD4E130068DD76 /* BloggerAPI.swift */; };
/* End PBXBuildFile section */

/* Begin PBXFileReference section */
		A2BDBA3020AC52C00068DD76 /* BlogReader.app */ = {isa = PBXFileReference; explicitFileType = wrapper.application; includeInIndex = 0; path = BlogReader.app; sourceTree = BUILT_PRODUCTS_DIR; };
		A2BDBA3320AC52C00068DD76 /* AppDelegate.swift */ = {isa = PBXFileReference; lastKnownFileType = sourcecode.swift; path = AppDelegate.swift; sourceTree = "<group>"; };
		A2BDBA3620AC52C00068DD76 /* BlogReader.xcdatamodel */ = {isa = PBXFileReference; lastKnownFileType = wrapper.xcdatamodel; path = BlogReader.xcdatamodel; sourceTree = "<group>"; };
		A2BDBA3820AC52C00068DD76 /* MasterViewController.swift */ = {isa = PBXFileReference; lastKnownFileType = sourcecode.swift; path = MasterViewController.swift; sourceTree = "<group>"; };
		A2BDBA3A20AC52C00068DD76 /* DetailViewController.swift */ = {isa = PBXFileReference; lastKnownFileType = sourcecode.swift; path = DetailViewController.swift; sourceTree = "<group>"; };
		A2BDBA3D20AC52C00068DD76 /* Base */ = {isa = PBXFileReference; lastKnownFileType = file.storyboard; name = Base; path = Base.lproj/Main.storyboard; sourceTree = "<group>"; };
		A2BDBA3F20AC52C00068DD76 /* Assets.xcassets */ = {isa = PBXFileReference; lastKnownFileType = folder.assetcatalog; path = Assets.xcassets; sourceTree = "<group>"; };
		A2BDBA4220AC52C00068DD76 /* Base */ = {isa = PBXFileReference; lastKnownFileType = file.storyboard; name = Base; path = Base.lproj/LaunchScreen.storyboard; sourceTree = "<group>"; };
		A2BDBA4420AC52C00068DD76 /* Info.plist */ = {isa = PBXFileReference; lastKnownFileType = text.plist.xml; path = Info.plist; sourceTree = "<group>"; };
		A2BDBA4A20AD4E130068DD76 /* BloggerAPI.swift */ = {isa = PBXFileReference; lastKnownFileType = sourcecode.swift; path = BloggerAPI.swift; sourceTree = "<group>"; };
/* End PBXFileReference section */

/* Begin PBXFrameworksBuildPhase section */
		A2BDBA2D20AC52C00068DD76 /* Frameworks */ = {
			isa = PBXFrameworksBuildPhase;
			buildActionMask = 2147483647;
			files = (
			);
			runOnlyForDeploymentPostprocessing = 0;
		};
/* End PBXFrameworksBuildPhase section */

/* Begin PBXGroup section */
		A2BDBA2720AC52C00068DD76 = {
			isa = PBXGroup;
			children = (
				A2BDBA3220AC52C00068DD76 /* BlogReader */,
				A2BDBA3120AC52C00068DD76 /* Products */,
			);
			sourceTree = "<group>";
		};
		A2BDBA3120AC52C00068DD76 /* Products */ = {
			isa = PBXGroup;
			children = (
				A2BDBA3020AC52C00068DD76 /* BlogReader.app */,
			);
			name = Products;
			sourceTree = "<group>";
		};
		A2BDBA3220AC52C00068DD76 /* BlogReader */ = {
			isa = PBXGroup;
			children = (
				A2BDBA3320AC52C00068DD76 /* AppDelegate.swift */,
				A2BDBA3820AC52C00068DD76 /* MasterViewController.swift */,
				A2BDBA3A20AC52C00068DD76 /* DetailViewController.swift */,
				A2BDBA3C20AC52C00068DD76 /* Main.storyboard */,
				A2BDBA3F20AC52C00068DD76 /* Assets.xcassets */,
				A2BDBA4120AC52C00068DD76 /* LaunchScreen.storyboard */,
				A2BDBA4420AC52C00068DD76 /* Info.plist */,
				A2BDBA3520AC52C00068DD76 /* BlogReader.xcdatamodeld */,
				A2BDBA4A20AD4E130068DD76 /* BloggerAPI.swift */,
			);
			path = BlogReader;
			sourceTree = "<group>";
		};
/* End PBXGroup section */

/* Begin PBXNativeTarget section */
		A2BDBA2F20AC52C00068DD76 /* BlogReader */ = {
			isa = PBXNativeTarget;
			buildConfigurationList = A2BDBA4720AC52C00068DD76 /* Build configuration list for PBXNativeTarget "BlogReader" */;
			buildPhases = (
				A2BDBA2C20AC52C00068DD76 /* Sources */,
				A2BDBA2D20AC52C00068DD76 /* Frameworks */,
				A2BDBA2E20AC52C00068DD76 /* Resources */,
			);
			buildRules = (
			);
			dependencies = (
			);
			name = BlogReader;
			productName = BlogReader;
			productReference = A2BDBA3020AC52C00068DD76 /* BlogReader.app */;
			productType = "com.apple.product-type.application";
		};
/* End PBXNativeTarget section */

/* Begin PBXProject section */
		A2BDBA2820AC52C00068DD76 /* Project object */ = {
			isa = PBXProject;
			attributes = {
				LastSwiftUpdateCheck = 0920;
				LastUpgradeCheck = 0920;
				ORGANIZATIONNAME = "Jha, Vasudha";
				TargetAttributes = {
					A2BDBA2F20AC52C00068DD76 = {
						CreatedOnToolsVersion = 9.2;
						ProvisioningStyle = Automatic;
					};
				};
			};
			buildConfigurationList = A2BDBA2B20AC52C00068DD76 /* Build configuration list for PBXProject "BlogReader" */;
			compatibilityVersion = "Xcode 8.0";
			developmentRegion = en;
			hasScannedForEncodings = 0;
			knownRegions = (
				en,
				Base,
			);
			mainGroup = A2BDBA2720AC52C00068DD76;
			productRefGroup = A2BDBA3120AC52C00068DD76 /* Products */;
			projectDirPath = "";
			projectRoot = "";
			targets = (
				A2BDBA2F20AC52C00068DD76 /* BlogReader */,
			);
		};
/* End PBXProject section */

/* Begin PBXResourcesBuildPhase section */
		A2BDBA2E20AC52C00068DD76 /* Resources */ = {
			isa = PBXResourcesBuildPhase;
			buildActionMask = 2147483647;
			files = (
				A2BDBA4320AC52C00068DD76 /* LaunchScreen.storyboard in Resources */,
				A2BDBA4020AC52C00068DD76 /* Assets.xcassets in Resources */,
				A2BDBA3E20AC52C00068DD76 /* Main.storyboard in Resources */,
			);
			runOnlyForDeploymentPostprocessing = 0;
		};
/* End PBXResourcesBuildPhase section */

/* Begin PBXSourcesBuildPhase section */
		A2BDBA2C20AC52C00068DD76 /* Sources */ = {
			isa = PBXSourcesBuildPhase;
			buildActionMask = 2147483647;
			files = (
				A2BDBA3720AC52C00068DD76 /* BlogReader.xcdatamodeld in Sources */,
				A2BDBA4B20AD4E130068DD76 /* BloggerAPI.swift in Sources */,
				A2BDBA3420AC52C00068DD76 /* AppDelegate.swift in Sources */,
				A2BDBA3920AC52C00068DD76 /* MasterViewController.swift in Sources */,
				A2BDBA3B20AC52C00068DD76 /* DetailViewController.swift in Sources */,
			);
			runOnlyForDeploymentPostprocessing = 0;
		};
/* End PBXSourcesBuildPhase section */

/* Begin PBXVariantGroup section */
		A2BDBA3C20AC52C00068DD76 /* Main.storyboard */ = {
			isa = PBXVariantGroup;
			children = (
				A2BDBA3D20AC52C00068DD76 /* Base */,
			);
			name = Main.storyboard;
			sourceTree = "<group>";
		};
		A2BDBA4120AC52C00068DD76 /* LaunchScreen.storyboard */ = {
			isa = PBXVariantGroup;
			children = (
				A2BDBA4220AC52C00068DD76 /* Base */,
			);
			name = LaunchScreen.storyboard;
			sourceTree = "<group>";
		};
/* End PBXVariantGroup section */

/* Begin XCBuildConfiguration section */
		A2BDBA4520AC52C00068DD76 /* Debug */ = {
			isa = XCBuildConfiguration;
			buildSettings = {
				ALWAYS_SEARCH_USER_PATHS = NO;
				CLANG_ANALYZER_NONNULL = YES;
				CLANG_ANALYZER_NUMBER_OBJECT_CONVERSION = YES_AGGRESSIVE;
				CLANG_CXX_LANGUAGE_STANDARD = "gnu++14";
				CLANG_CXX_LIBRARY = "libc++";
				CLANG_ENABLE_MODULES = YES;
				CLANG_ENABLE_OBJC_ARC = YES;
				CLANG_WARN_BLOCK_CAPTURE_AUTORELEASING = YES;
				CLANG_WARN_BOOL_CONVERSION = YES;
				CLANG_WARN_COMMA = YES;
				CLANG_WARN_CONSTANT_CONVERSION = YES;
				CLANG_WARN_DIRECT_OBJC_ISA_USAGE = YES_ERROR;
				CLANG_WARN_DOCUMENTATION_COMMENTS = YES;
				CLANG_WARN_EMPTY_BODY = YES;
				CLANG_WARN_ENUM_CONVERSION = YES;
				CLANG_WARN_INFINITE_RECURSION = YES;
				CLANG_WARN_INT_CONVERSION = YES;
				CLANG_WARN_NON_LITERAL_NULL_CONVERSION = YES;
				CLANG_WARN_OBJC_LITERAL_CONVERSION = YES;
				CLANG_WARN_OBJC_ROOT_CLASS = YES_ERROR;
				CLANG_WARN_RANGE_LOOP_ANALYSIS = YES;
				CLANG_WARN_STRICT_PROTOTYPES = YES;
				CLANG_WARN_SUSPICIOUS_MOVE = YES;
				CLANG_WARN_UNGUARDED_AVAILABILITY = YES_AGGRESSIVE;
				CLANG_WARN_UNREACHABLE_CODE = YES;
				CLANG_WARN__DUPLICATE_METHOD_MATCH = YES;
				CODE_SIGN_IDENTITY = "iPhone Developer";
				COPY_PHASE_STRIP = NO;
				DEBUG_INFORMATION_FORMAT = dwarf;
				ENABLE_STRICT_OBJC_MSGSEND = YES;
				ENABLE_TESTABILITY = YES;
				GCC_C_LANGUAGE_STANDARD = gnu11;
				GCC_DYNAMIC_NO_PIC = NO;
				GCC_NO_COMMON_BLOCKS = YES;
				GCC_OPTIMIZATION_LEVEL = 0;
				GCC_PREPROCESSOR_DEFINITIONS = (
					"DEBUG=1",
					"$(inherited)",
				);
				GCC_WARN_64_TO_32_BIT_CONVERSION = YES;
				GCC_WARN_ABOUT_RETURN_TYPE = YES_ERROR;
				GCC_WARN_UNDECLARED_SELECTOR = YES;
				GCC_WARN_UNINITIALIZED_AUTOS = YES_AGGRESSIVE;
				GCC_WARN_UNUSED_FUNCTION = YES;
				GCC_WARN_UNUSED_VARIABLE = YES;
				IPHONEOS_DEPLOYMENT_TARGET = 11.2;
				MTL_ENABLE_DEBUG_INFO = YES;
				ONLY_ACTIVE_ARCH = YES;
				SDKROOT = iphoneos;
				SWIFT_ACTIVE_COMPILATION_CONDITIONS = DEBUG;
				SWIFT_OPTIMIZATION_LEVEL = "-Onone";
			};
			name = Debug;
		};
		A2BDBA4620AC52C00068DD76 /* Release */ = {
			isa = XCBuildConfiguration;
			buildSettings = {
				ALWAYS_SEARCH_USER_PATHS = NO;
				CLANG_ANALYZER_NONNULL = YES;
				CLANG_ANALYZER_NUMBER_OBJECT_CONVERSION = YES_AGGRESSIVE;
				CLANG_CXX_LANGUAGE_STANDARD = "gnu++14";
				CLANG_CXX_LIBRARY = "libc++";
				CLANG_ENABLE_MODULES = YES;
				CLANG_ENABLE_OBJC_ARC = YES;
				CLANG_WARN_BLOCK_CAPTURE_AUTORELEASING = YES;
				CLANG_WARN_BOOL_CONVERSION = YES;
				CLANG_WARN_COMMA = YES;
				CLANG_WARN_CONSTANT_CONVERSION = YES;
				CLANG_WARN_DIRECT_OBJC_ISA_USAGE = YES_ERROR;
				CLANG_WARN_DOCUMENTATION_COMMENTS = YES;
				CLANG_WARN_EMPTY_BODY = YES;
				CLANG_WARN_ENUM_CONVERSION = YES;
				CLANG_WARN_INFINITE_RECURSION = YES;
				CLANG_WARN_INT_CONVERSION = YES;
				CLANG_WARN_NON_LITERAL_NULL_CONVERSION = YES;
				CLANG_WARN_OBJC_LITERAL_CONVERSION = YES;
				CLANG_WARN_OBJC_ROOT_CLASS = YES_ERROR;
				CLANG_WARN_RANGE_LOOP_ANALYSIS = YES;
				CLANG_WARN_STRICT_PROTOTYPES = YES;
				CLANG_WARN_SUSPICIOUS_MOVE = YES;
				CLANG_WARN_UNGUARDED_AVAILABILITY = YES_AGGRESSIVE;
				CLANG_WARN_UNREACHABLE_CODE = YES;
				CLANG_WARN__DUPLICATE_METHOD_MATCH = YES;
				CODE_SIGN_IDENTITY = "iPhone Developer";
				COPY_PHASE_STRIP = NO;
				DEBUG_INFORMATION_FORMAT = "dwarf-with-dsym";
				ENABLE_NS_ASSERTIONS = NO;
				ENABLE_STRICT_OBJC_MSGSEND = YES;
				GCC_C_LANGUAGE_STANDARD = gnu11;
				GCC_NO_COMMON_BLOCKS = YES;
				GCC_WARN_64_TO_32_BIT_CONVERSION = YES;
				GCC_WARN_ABOUT_RETURN_TYPE = YES_ERROR;
				GCC_WARN_UNDECLARED_SELECTOR = YES;
				GCC_WARN_UNINITIALIZED_AUTOS = YES_AGGRESSIVE;
				GCC_WARN_UNUSED_FUNCTION = YES;
				GCC_WARN_UNUSED_VARIABLE = YES;
				IPHONEOS_DEPLOYMENT_TARGET = 11.2;
				MTL_ENABLE_DEBUG_INFO = NO;
				SDKROOT = iphoneos;
				SWIFT_OPTIMIZATION_LEVEL = "-Owholemodule";
				VALIDATE_PRODUCT = YES;
			};
			name = Release;
		};
		A2BDBA4820AC52C00068DD76 /* Debug */ = {
			isa = XCBuildConfiguration;
			buildSettings = {
				ASSETCATALOG_COMPILER_APPICON_NAME = AppIcon;
				CODE_SIGN_STYLE = Automatic;
				DEVELOPMENT_TEAM = T2QG6B4259;
				INFOPLIST_FILE = BlogReader/Info.plist;
				LD_RUNPATH_SEARCH_PATHS = "$(inherited) @executable_path/Frameworks";
				PRODUCT_BUNDLE_IDENTIFIER = c.BlogReader;
				PRODUCT_NAME = "$(TARGET_NAME)";
				SWIFT_VERSION = 4.0;
				TARGETED_DEVICE_FAMILY = "1,2";
			};
			name = Debug;
		};
		A2BDBA4920AC52C00068DD76 /* Release */ = {
			isa = XCBuildConfiguration;
			buildSettings = {
				ASSETCATALOG_COMPILER_APPICON_NAME = AppIcon;
				CODE_SIGN_STYLE = Automatic;
				DEVELOPMENT_TEAM = T2QG6B4259;
				INFOPLIST_FILE = BlogReader/Info.plist;
				LD_RUNPATH_SEARCH_PATHS = "$(inherited) @executable_path/Frameworks";
				PRODUCT_BUNDLE_IDENTIFIER = c.BlogReader;
				PRODUCT_NAME = "$(TARGET_NAME)";
				SWIFT_VERSION = 4.0;
				TARGETED_DEVICE_FAMILY = "1,2";
			};
			name = Release;
		};
/* End XCBuildConfiguration section */

/* Begin XCConfigurationList section */
		A2BDBA2B20AC52C00068DD76 /* Build configuration list for PBXProject "BlogReader" */ = {
			isa = XCConfigurationList;
			buildConfigurations = (
				A2BDBA4520AC52C00068DD76 /* Debug */,
				A2BDBA4620AC52C00068DD76 /* Release */,
			);
			defaultConfigurationIsVisible = 0;
			defaultConfigurationName = Release;
		};
		A2BDBA4720AC52C00068DD76 /* Build configuration list for PBXNativeTarget "BlogReader" */ = {
			isa = XCConfigurationList;
			buildConfigurations = (
				A2BDBA4820AC52C00068DD76 /* Debug */,
				A2BDBA4920AC52C00068DD76 /* Release */,
			);
			defaultConfigurationIsVisible = 0;
			defaultConfigurationName = Release;
		};
/* End XCConfigurationList section */

/* Begin XCVersionGroup section */
		A2BDBA3520AC52C00068DD76 /* BlogReader.xcdatamodeld */ = {
			isa = XCVersionGroup;
			children = (
				A2BDBA3620AC52C00068DD76 /* BlogReader.xcdatamodel */,
			);
			currentVersion = A2BDBA3620AC52C00068DD76 /* BlogReader.xcdatamodel */;
			path = BlogReader.xcdatamodeld;
			sourceTree = "<group>";
			versionGroupType = wrapper.xcdatamodel;
		};
/* End XCVersionGroup section */
	};
	rootObject = A2BDBA2820AC52C00068DD76 /* Project object */;
}
